
Microsoft Visual Studio Solution File, Format Version 12.00
# Visual Studio Version 16
VisualStudioVersion = 16.0.30204.135
MinimumVisualStudioVersion = 10.0.40219.1
Project("{FAE04EC0-301F-11D3-BF4B-00C04F79EFBC}") = "ConsoleAppFormationScrum", "ConsoleAppFormationScrum.csproj", "{53FD2216-CAAB-40D7-BF92-BAE5DC44BFA8}"
EndProject
Global
	GlobalSection(SolutionConfigurationPlatforms) = preSolution
		Debug|Any CPU = Debug|Any CPU
		Release|Any CPU = Release|Any CPU
	EndGlobalSection
	GlobalSection(ProjectConfigurationPlatforms) = postSolution
		{53FD2216-CAAB-40D7-BF92-BAE5DC44BFA8}.Debug|Any CPU.ActiveCfg = Debug|Any CPU
		{53FD2216-CAAB-40D7-BF92-BAE5DC44BFA8}.Debug|Any CPU.Build.0 = Debug|Any CPU
		{53FD2216-CAAB-40D7-BF92-BAE5DC44BFA8}.Release|Any CPU.ActiveCfg = Release|Any CPU
		{53FD2216-CAAB-40D7-BF92-BAE5DC44BFA8}.Release|Any CPU.Build.0 = Release|Any CPU
	EndGlobalSection
	GlobalSection(SolutionProperties) = preSolution
		HideSolutionNode = FALSE
	EndGlobalSection
	GlobalSection(ExtensibilityGlobals) = postSolution
		SolutionGuid = {C9CEACF8-787B-43FE-851A-C4264E858D74}
	EndGlobalSection
EndGlobal
